
Microsoft Visual Studio Solution File, Format Version 12.00
# Visual Studio Version 17
VisualStudioVersion = 17.2.32630.192
MinimumVisualStudioVersion = 10.0.40219.1
Project("{FAE04EC0-301F-11D3-BF4B-00C04F79EFBC}") = "PRD电气", "PRD电气.csproj", "{375C3448-386F-4B8A-830D-A388103C8EF1}"
EndProject
Global
	GlobalSection(SolutionConfigurationPlatforms) = preSolution
		Debug|Any CPU = Debug|Any CPU
		Release|Any CPU = Release|Any CPU
	EndGlobalSection
	GlobalSection(ProjectConfigurationPlatforms) = postSolution
		{375C3448-386F-4B8A-830D-A388103C8EF1}.Debug|Any CPU.ActiveCfg = Debug|Any CPU
		{375C3448-386F-4B8A-830D-A388103C8EF1}.Debug|Any CPU.Build.0 = Debug|Any CPU
		{375C3448-386F-4B8A-830D-A388103C8EF1}.Release|Any CPU.ActiveCfg = Release|Any CPU
		{375C3448-386F-4B8A-830D-A388103C8EF1}.Release|Any CPU.Build.0 = Release|Any CPU
	EndGlobalSection
	GlobalSection(SolutionProperties) = preSolution
		HideSolutionNode = FALSE
	EndGlobalSection
	GlobalSection(ExtensibilityGlobals) = postSolution
		SolutionGuid = {C73FB3D7-B5DD-48BE-B06F-41E04C34F38A}
	EndGlobalSection
EndGlobal
